
Microsoft Visual Studio Solution File, Format Version 12.00
# Visual Studio Version 17
VisualStudioVersion = 17.8.34511.84
MinimumVisualStudioVersion = 10.0.40219.1
Project("{FAE04EC0-301F-11D3-BF4B-00C04F79EFBC}") = "TypesAndVariables", "TypesAndVariables\TypesAndVariables.csproj", "{3E78A674-F9DF-4CC9-BEA7-31AE90C0B02A}"
EndProject
Project("{FAE04EC0-301F-11D3-BF4B-00C04F79EFBC}") = "Conditionals", "conditionals\Conditionals.csproj", "{5CDED5DF-D639-4B13-B260-9B9320D97AC2}"
EndProject
Project("{FAE04EC0-301F-11D3-BF4B-00C04F79EFBC}") = "Methods", "Methods\Methods.csproj", "{D2CE38F6-B5F5-4112-A51F-7F75371B663B}"
EndProject
Project("{FAE04EC0-301F-11D3-BF4B-00C04F79EFBC}") = "Arrays", "Arrays\Arrays.csproj", "{01B6DE70-EE96-4FB8-93E7-7D8CF7F78692}"
EndProject
Project("{FAE04EC0-301F-11D3-BF4B-00C04F79EFBC}") = "Loops", "loops\Loops.csproj", "{728166E0-618E-46D0-B251-B2706056B5AE}"
EndProject
Project("{FAE04EC0-301F-11D3-BF4B-00C04F79EFBC}") = "String", "String\String.csproj", "{8C33570A-4D88-422C-B7A3-116249C3C983}"
EndProject
Project("{FAE04EC0-301F-11D3-BF4B-00C04F79EFBC}") = "Classes", "Classes\Classes.csproj", "{5A74F62B-72E5-4DA4-9D4D-64DF9976B565}"
EndProject
Project("{FAE04EC0-301F-11D3-BF4B-00C04F79EFBC}") = "RecapDemoGame", "RecapDemoGame\RecapDemoGame.csproj", "{543370FC-85F7-45DA-B88B-C7EEC9D7B8E9}"
EndProject
Global
	GlobalSection(SolutionConfigurationPlatforms) = preSolution
		Debug|Any CPU = Debug|Any CPU
		Release|Any CPU = Release|Any CPU
	EndGlobalSection
	GlobalSection(ProjectConfigurationPlatforms) = postSolution
		{3E78A674-F9DF-4CC9-BEA7-31AE90C0B02A}.Debug|Any CPU.ActiveCfg = Debug|Any CPU
		{3E78A674-F9DF-4CC9-BEA7-31AE90C0B02A}.Debug|Any CPU.Build.0 = Debug|Any CPU
		{3E78A674-F9DF-4CC9-BEA7-31AE90C0B02A}.Release|Any CPU.ActiveCfg = Release|Any CPU
		{3E78A674-F9DF-4CC9-BEA7-31AE90C0B02A}.Release|Any CPU.Build.0 = Release|Any CPU
		{5CDED5DF-D639-4B13-B260-9B9320D97AC2}.Debug|Any CPU.ActiveCfg = Debug|Any CPU
		{5CDED5DF-D639-4B13-B260-9B9320D97AC2}.Debug|Any CPU.Build.0 = Debug|Any CPU
		{5CDED5DF-D639-4B13-B260-9B9320D97AC2}.Release|Any CPU.ActiveCfg = Release|Any CPU
		{5CDED5DF-D639-4B13-B260-9B9320D97AC2}.Release|Any CPU.Build.0 = Release|Any CPU
		{D2CE38F6-B5F5-4112-A51F-7F75371B663B}.Debug|Any CPU.ActiveCfg = Debug|Any CPU
		{D2CE38F6-B5F5-4112-A51F-7F75371B663B}.Debug|Any CPU.Build.0 = Debug|Any CPU
		{D2CE38F6-B5F5-4112-A51F-7F75371B663B}.Release|Any CPU.ActiveCfg = Release|Any CPU
		{D2CE38F6-B5F5-4112-A51F-7F75371B663B}.Release|Any CPU.Build.0 = Release|Any CPU
		{01B6DE70-EE96-4FB8-93E7-7D8CF7F78692}.Debug|Any CPU.ActiveCfg = Debug|Any CPU
		{01B6DE70-EE96-4FB8-93E7-7D8CF7F78692}.Debug|Any CPU.Build.0 = Debug|Any CPU
		{01B6DE70-EE96-4FB8-93E7-7D8CF7F78692}.Release|Any CPU.ActiveCfg = Release|Any CPU
		{01B6DE70-EE96-4FB8-93E7-7D8CF7F78692}.Release|Any CPU.Build.0 = Release|Any CPU
		{728166E0-618E-46D0-B251-B2706056B5AE}.Debug|Any CPU.ActiveCfg = Debug|Any CPU
		{728166E0-618E-46D0-B251-B2706056B5AE}.Debug|Any CPU.Build.0 = Debug|Any CPU
		{728166E0-618E-46D0-B251-B2706056B5AE}.Release|Any CPU.ActiveCfg = Release|Any CPU
		{728166E0-618E-46D0-B251-B2706056B5AE}.Release|Any CPU.Build.0 = Release|Any CPU
		{8C33570A-4D88-422C-B7A3-116249C3C983}.Debug|Any CPU.ActiveCfg = Debug|Any CPU
		{8C33570A-4D88-422C-B7A3-116249C3C983}.Debug|Any CPU.Build.0 = Debug|Any CPU
		{8C33570A-4D88-422C-B7A3-116249C3C983}.Release|Any CPU.ActiveCfg = Release|Any CPU
		{8C33570A-4D88-422C-B7A3-116249C3C983}.Release|Any CPU.Build.0 = Release|Any CPU
		{5A74F62B-72E5-4DA4-9D4D-64DF9976B565}.Debug|Any CPU.ActiveCfg = Debug|Any CPU
		{5A74F62B-72E5-4DA4-9D4D-64DF9976B565}.Debug|Any CPU.Build.0 = Debug|Any CPU
		{5A74F62B-72E5-4DA4-9D4D-64DF9976B565}.Release|Any CPU.ActiveCfg = Release|Any CPU
		{5A74F62B-72E5-4DA4-9D4D-64DF9976B565}.Release|Any CPU.Build.0 = Release|Any CPU
		{543370FC-85F7-45DA-B88B-C7EEC9D7B8E9}.Debug|Any CPU.ActiveCfg = Debug|Any CPU
		{543370FC-85F7-45DA-B88B-C7EEC9D7B8E9}.Debug|Any CPU.Build.0 = Debug|Any CPU
		{543370FC-85F7-45DA-B88B-C7EEC9D7B8E9}.Release|Any CPU.ActiveCfg = Release|Any CPU
		{543370FC-85F7-45DA-B88B-C7EEC9D7B8E9}.Release|Any CPU.Build.0 = Release|Any CPU
	EndGlobalSection
	GlobalSection(SolutionProperties) = preSolution
		HideSolutionNode = FALSE
	EndGlobalSection
	GlobalSection(ExtensibilityGlobals) = postSolution
		SolutionGuid = {4E525A56-9833-46D9-B80C-A853D45A79A6}
	EndGlobalSection
EndGlobal
